Microsoft Visual Studio Solution File, Format Version 12.00
# Visual Studio Version 17
VisualStudioVersion = 17.2.32630.192
MinimumVisualStudioVersion = 10.0.40219.1
Project("{8BC9CEB8-8B4A-11D0-8D11-00A0C91BC942}") = "LoginServer_CM", "LoginServer_CM.vcxproj", "{C5ABEEC1-35C3-468C-9FE6-BDB47C0CA209}"
	ProjectSection(ProjectDependencies) = postProject
		{E33BA550-2FC0-433C-8AAC-519B9BA093A0} = {E33BA550-2FC0-433C-8AAC-519B9BA093A0}
	EndProjectSection
EndProject
Project("{8BC9CEB8-8B4A-11D0-8D11-00A0C91BC942}") = "IOCPEngine", "..\..\..\IOCPEngine\IOCPEngine.vcxproj", "{E33BA550-2FC0-433C-8AAC-519B9BA093A0}"
EndProject
Global
	GlobalSection(SolutionConfigurationPlatforms) = preSolution
		Debug|x64 = Debug|x64
		Debug|x86 = Debug|x86
		DebugDep|x64 = DebugDep|x64
		DebugDep|x86 = DebugDep|x86
		Release|x64 = Release|x64
		Release|x86 = Release|x86
		ReleaseDep|x64 = ReleaseDep|x64
		ReleaseDep|x86 = ReleaseDep|x86
	EndGlobalSection
	GlobalSection(ProjectConfigurationPlatforms) = postSolution
		{C5ABEEC1-35C3-468C-9FE6-BDB47C0CA209}.Debug|x64.ActiveCfg = Debug|x64
		{C5ABEEC1-35C3-468C-9FE6-BDB47C0CA209}.Debug|x64.Build.0 = Debug|x64
		{C5ABEEC1-35C3-468C-9FE6-BDB47C0CA209}.Debug|x86.ActiveCfg = Debug|x64
		{C5ABEEC1-35C3-468C-9FE6-BDB47C0CA209}.DebugDep|x64.ActiveCfg = Debug|x64
		{C5ABEEC1-35C3-468C-9FE6-BDB47C0CA209}.DebugDep|x64.Build.0 = Debug|x64
		{C5ABEEC1-35C3-468C-9FE6-BDB47C0CA209}.DebugDep|x86.ActiveCfg = Release|x64
		{C5ABEEC1-35C3-468C-9FE6-BDB47C0CA209}.DebugDep|x86.Build.0 = Release|x64
		{C5ABEEC1-35C3-468C-9FE6-BDB47C0CA209}.Release|x64.ActiveCfg = Release|x64
		{C5ABEEC1-35C3-468C-9FE6-BDB47C0CA209}.Release|x64.Build.0 = Release|x64
		{C5ABEEC1-35C3-468C-9FE6-BDB47C0CA209}.Release|x86.ActiveCfg = Release|x64
		{C5ABEEC1-35C3-468C-9FE6-BDB47C0CA209}.ReleaseDep|x64.ActiveCfg = Release|x64
		{C5ABEEC1-35C3-468C-9FE6-BDB47C0CA209}.ReleaseDep|x64.Build.0 = Release|x64
		{C5ABEEC1-35C3-468C-9FE6-BDB47C0CA209}.ReleaseDep|x86.ActiveCfg = Release|x64
		{C5ABEEC1-35C3-468C-9FE6-BDB47C0CA209}.ReleaseDep|x86.Build.0 = Release|x64
		{E33BA550-2FC0-433C-8AAC-519B9BA093A0}.Debug|x64.ActiveCfg = Debug|x64
		{E33BA550-2FC0-433C-8AAC-519B9BA093A0}.Debug|x64.Build.0 = Debug|x64
		{E33BA550-2FC0-433C-8AAC-519B9BA093A0}.Debug|x86.ActiveCfg = Debug|Win32
		{E33BA550-2FC0-433C-8AAC-519B9BA093A0}.Debug|x86.Build.0 = Debug|Win32
		{E33BA550-2FC0-433C-8AAC-519B9BA093A0}.DebugDep|x64.ActiveCfg = DebugDep|x64
		{E33BA550-2FC0-433C-8AAC-519B9BA093A0}.DebugDep|x64.Build.0 = DebugDep|x64
		{E33BA550-2FC0-433C-8AAC-519B9BA093A0}.DebugDep|x86.ActiveCfg = DebugDep|Win32
		{E33BA550-2FC0-433C-8AAC-519B9BA093A0}.DebugDep|x86.Build.0 = DebugDep|Win32
		{E33BA550-2FC0-433C-8AAC-519B9BA093A0}.Release|x64.ActiveCfg = Release|x64
		{E33BA550-2FC0-433C-8AAC-519B9BA093A0}.Release|x64.Build.0 = Release|x64
		{E33BA550-2FC0-433C-8AAC-519B9BA093A0}.Release|x86.ActiveCfg = Release|Win32
		{E33BA550-2FC0-433C-8AAC-519B9BA093A0}.Release|x86.Build.0 = Release|Win32
		{E33BA550-2FC0-433C-8AAC-519B9BA093A0}.ReleaseDep|x64.ActiveCfg = ReleaseDep|x64
		{E33BA550-2FC0-433C-8AAC-519B9BA093A0}.ReleaseDep|x64.Build.0 = ReleaseDep|x64
		{E33BA550-2FC0-433C-8AAC-519B9BA093A0}.ReleaseDep|x86.ActiveCfg = ReleaseDep|Win32
		{E33BA550-2FC0-433C-8AAC-519B9BA093A0}.ReleaseDep|x86.Build.0 = ReleaseDep|Win32
	EndGlobalSection
	GlobalSection(SolutionProperties) = preSolution
		HideSolutionNode = FALSE
	EndGlobalSection
	GlobalSection(ExtensibilityGlobals) = postSolution
		SolutionGuid = {D6633170-7DF4-4523-97FD-FEA82F76687F}
	EndGlobalSection
EndGlobal
